
Microsoft Visual Studio Solution File, Format Version 12.00
# Visual Studio 15
Project("{FAE04EC0-301F-11D3-BF4B-00C04F79EFBC}") = "Zenject", "Zenject.csproj", "{02C87BD2-E556-1355-6E67-AA72ECA01C30}"
EndProject
Project("{FAE04EC0-301F-11D3-BF4B-00C04F79EFBC}") = "PhotonChat", "PhotonChat.csproj", "{45B1D060-5080-A319-4A1D-6A416686DF86}"
EndProject
Project("{FAE04EC0-301F-11D3-BF4B-00C04F79EFBC}") = "Zenject-IntegrationTests", "Zenject-IntegrationTests.csproj", "{70877E77-5CED-0939-2CE4-6F52921B2DBF}"
EndProject
Project("{FAE04EC0-301F-11D3-BF4B-00C04F79EFBC}") = "LeanTransition", "LeanTransition.csproj", "{AD54DDAA-E28F-DCEB-6EFD-EECF2FDB74D4}"
EndProject
Project("{FAE04EC0-301F-11D3-BF4B-00C04F79EFBC}") = "Zenject-IntegrationTests-Editor", "Zenject-IntegrationTests-Editor.csproj", "{EBBBDF96-297F-3E38-B77C-3DC28F3C2DB1}"
EndProject
Project("{FAE04EC0-301F-11D3-BF4B-00C04F79EFBC}") = "CW.Common", "CW.Common.csproj", "{EEF7ABE5-20A3-E3A3-6B5F-F2D052470155}"
EndProject
Project("{FAE04EC0-301F-11D3-BF4B-00C04F79EFBC}") = "Zenject-ReflectionBaking-Editor", "Zenject-ReflectionBaking-Editor.csproj", "{DCBA556E-EE96-B17B-D639-7804D3C5B14A}"
EndProject
Project("{FAE04EC0-301F-11D3-BF4B-00C04F79EFBC}") = "LeanCommon", "LeanCommon.csproj", "{ED25F421-D139-AB6B-F54D-D1BE5C28E479}"
EndProject
Project("{FAE04EC0-301F-11D3-BF4B-00C04F79EFBC}") = "PhotonUnityNetworking.Editor", "PhotonUnityNetworking.Editor.csproj", "{3A73D710-4497-BE41-9B91-C6A2DF416F26}"
EndProject
Project("{FAE04EC0-301F-11D3-BF4B-00C04F79EFBC}") = "Zenject-UnitTests-Editor", "Zenject-UnitTests-Editor.csproj", "{A51D1062-627E-C0A7-1C53-0DE8EFB6335F}"
EndProject
Project("{FAE04EC0-301F-11D3-BF4B-00C04F79EFBC}") = "Zenject-Editor", "Zenject-Editor.csproj", "{06365957-EC07-6C4C-16A0-FE79E11C892A}"
EndProject
Project("{FAE04EC0-301F-11D3-BF4B-00C04F79EFBC}") = "PhotonUnityNetworking", "PhotonUnityNetworking.csproj", "{21960ABF-454B-9162-5F7C-0B1B2275F6AC}"
EndProject
Project("{FAE04EC0-301F-11D3-BF4B-00C04F79EFBC}") = "PhotonUnityNetworking.Demos", "PhotonUnityNetworking.Demos.csproj", "{0FEBAAE5-03F3-F503-A017-D4F612B3436B}"
EndProject
Project("{FAE04EC0-301F-11D3-BF4B-00C04F79EFBC}") = "PhotonRealtime", "PhotonRealtime.csproj", "{1B6A813A-FF6F-D4D1-07D5-3EAD14F94EDA}"
EndProject
Project("{FAE04EC0-301F-11D3-BF4B-00C04F79EFBC}") = "Assembly-CSharp", "Assembly-CSharp.csproj", "{7BAB1A7F-18E5-631B-4CAC-3486A8FA89C1}"
EndProject
Project("{FAE04EC0-301F-11D3-BF4B-00C04F79EFBC}") = "PhotonUnityNetworking.Utilities.PhotonPlayer.Editor", "PhotonUnityNetworking.Utilities.PhotonPlayer.Editor.csproj", "{1BE7511D-6B3F-A8B0-5EF1-7795C0F7BD55}"
EndProject
Project("{FAE04EC0-301F-11D3-BF4B-00C04F79EFBC}") = "LeanGUI", "LeanGUI.csproj", "{18EC1F7D-506A-3D85-90F0-7773E24E9579}"
EndProject
Project("{FAE04EC0-301F-11D3-BF4B-00C04F79EFBC}") = "PhotonUnityNetworking.Utilities", "PhotonUnityNetworking.Utilities.csproj", "{D4459DD3-8E00-92AA-BF8F-FA2CC19F71F6}"
EndProject
Project("{FAE04EC0-301F-11D3-BF4B-00C04F79EFBC}") = "Zenject-TestFramework", "Zenject-TestFramework.csproj", "{8688E54C-EA2B-CDA4-B790-E285D7805E50}"
EndProject
Project("{FAE04EC0-301F-11D3-BF4B-00C04F79EFBC}") = "Zenject-PoolMonitor-Editor", "Zenject-PoolMonitor-Editor.csproj", "{61626943-C4E1-5427-B68E-D75D063E22FE}"
EndProject
Project("{FAE04EC0-301F-11D3-BF4B-00C04F79EFBC}") = "LeanTransition.Editor", "LeanTransition.Editor.csproj", "{4B230666-6661-DFDE-9A53-9CBDDE5F50F0}"
EndProject
Project("{FAE04EC0-301F-11D3-BF4B-00C04F79EFBC}") = "PunDemos.DemoHubEditor", "PunDemos.DemoHubEditor.csproj", "{6A7DE6BE-B72C-C47F-E5A0-23B00CA702C3}"
EndProject
Project("{FAE04EC0-301F-11D3-BF4B-00C04F79EFBC}") = "PunDemos.DemoSlotcarEditor", "PunDemos.DemoSlotcarEditor.csproj", "{36496D30-647B-3FDA-EBB5-209163F5AE15}"
EndProject
Project("{FAE04EC0-301F-11D3-BF4B-00C04F79EFBC}") = "PhotonUnityNetworking.Utilities.Culling.Editor", "PhotonUnityNetworking.Utilities.Culling.Editor.csproj", "{854345BB-13BE-4217-A9B6-ACD67E457810}"
EndProject
Project("{FAE04EC0-301F-11D3-BF4B-00C04F79EFBC}") = "Assembly-CSharp-Editor", "Assembly-CSharp-Editor.csproj", "{36DD8E19-B0FD-33D2-4DB0-F5767F6E28A2}"
EndProject
Global
	GlobalSection(SolutionConfigurationPlatforms) = preSolution
		Debug|Any CPU = Debug|Any CPU
		Release|Any CPU = Release|Any CPU
	EndGlobalSection
	GlobalSection(ProjectConfigurationPlatforms) = postSolution
		{02C87BD2-E556-1355-6E67-AA72ECA01C30}.Debug|Any CPU.ActiveCfg = Debug|Any CPU
		{02C87BD2-E556-1355-6E67-AA72ECA01C30}.Debug|Any CPU.Build.0 = Debug|Any CPU
		{02C87BD2-E556-1355-6E67-AA72ECA01C30}.Release|Any CPU.ActiveCfg = Release|Any CPU
		{02C87BD2-E556-1355-6E67-AA72ECA01C30}.Release|Any CPU.Build.0 = Release|Any CPU
		{45B1D060-5080-A319-4A1D-6A416686DF86}.Debug|Any CPU.ActiveCfg = Debug|Any CPU
		{45B1D060-5080-A319-4A1D-6A416686DF86}.Debug|Any CPU.Build.0 = Debug|Any CPU
		{45B1D060-5080-A319-4A1D-6A416686DF86}.Release|Any CPU.ActiveCfg = Release|Any CPU
		{45B1D060-5080-A319-4A1D-6A416686DF86}.Release|Any CPU.Build.0 = Release|Any CPU
		{70877E77-5CED-0939-2CE4-6F52921B2DBF}.Debug|Any CPU.ActiveCfg = Debug|Any CPU
		{70877E77-5CED-0939-2CE4-6F52921B2DBF}.Debug|Any CPU.Build.0 = Debug|Any CPU
		{70877E77-5CED-0939-2CE4-6F52921B2DBF}.Release|Any CPU.ActiveCfg = Release|Any CPU
		{70877E77-5CED-0939-2CE4-6F52921B2DBF}.Release|Any CPU.Build.0 = Release|Any CPU
		{AD54DDAA-E28F-DCEB-6EFD-EECF2FDB74D4}.Debug|Any CPU.ActiveCfg = Debug|Any CPU
		{AD54DDAA-E28F-DCEB-6EFD-EECF2FDB74D4}.Debug|Any CPU.Build.0 = Debug|Any CPU
		{AD54DDAA-E28F-DCEB-6EFD-EECF2FDB74D4}.Release|Any CPU.ActiveCfg = Release|Any CPU
		{AD54DDAA-E28F-DCEB-6EFD-EECF2FDB74D4}.Release|Any CPU.Build.0 = Release|Any CPU
		{EBBBDF96-297F-3E38-B77C-3DC28F3C2DB1}.Debug|Any CPU.ActiveCfg = Debug|Any CPU
		{EBBBDF96-297F-3E38-B77C-3DC28F3C2DB1}.Debug|Any CPU.Build.0 = Debug|Any CPU
		{EBBBDF96-297F-3E38-B77C-3DC28F3C2DB1}.Release|Any CPU.ActiveCfg = Release|Any CPU
		{EBBBDF96-297F-3E38-B77C-3DC28F3C2DB1}.Release|Any CPU.Build.0 = Release|Any CPU
		{EEF7ABE5-20A3-E3A3-6B5F-F2D052470155}.Debug|Any CPU.ActiveCfg = Debug|Any CPU
		{EEF7ABE5-20A3-E3A3-6B5F-F2D052470155}.Debug|Any CPU.Build.0 = Debug|Any CPU
		{EEF7ABE5-20A3-E3A3-6B5F-F2D052470155}.Release|Any CPU.ActiveCfg = Release|Any CPU
		{EEF7ABE5-20A3-E3A3-6B5F-F2D052470155}.Release|Any CPU.Build.0 = Release|Any CPU
		{DCBA556E-EE96-B17B-D639-7804D3C5B14A}.Debug|Any CPU.ActiveCfg = Debug|Any CPU
		{DCBA556E-EE96-B17B-D639-7804D3C5B14A}.Debug|Any CPU.Build.0 = Debug|Any CPU
		{DCBA556E-EE96-B17B-D639-7804D3C5B14A}.Release|Any CPU.ActiveCfg = Release|Any CPU
		{DCBA556E-EE96-B17B-D639-7804D3C5B14A}.Release|Any CPU.Build.0 = Release|Any CPU
		{ED25F421-D139-AB6B-F54D-D1BE5C28E479}.Debug|Any CPU.ActiveCfg = Debug|Any CPU
		{ED25F421-D139-AB6B-F54D-D1BE5C28E479}.Debug|Any CPU.Build.0 = Debug|Any CPU
		{ED25F421-D139-AB6B-F54D-D1BE5C28E479}.Release|Any CPU.ActiveCfg = Release|Any CPU
		{ED25F421-D139-AB6B-F54D-D1BE5C28E479}.Release|Any CPU.Build.0 = Release|Any CPU
		{3A73D710-4497-BE41-9B91-C6A2DF416F26}.Debug|Any CPU.ActiveCfg = Debug|Any CPU
		{3A73D710-4497-BE41-9B91-C6A2DF416F26}.Debug|Any CPU.Build.0 = Debug|Any CPU
		{3A73D710-4497-BE41-9B91-C6A2DF416F26}.Release|Any CPU.ActiveCfg = Release|Any CPU
		{3A73D710-4497-BE41-9B91-C6A2DF416F26}.Release|Any CPU.Build.0 = Release|Any CPU
		{A51D1062-627E-C0A7-1C53-0DE8EFB6335F}.Debug|Any CPU.ActiveCfg = Debug|Any CPU
		{A51D1062-627E-C0A7-1C53-0DE8EFB6335F}.Debug|Any CPU.Build.0 = Debug|Any CPU
		{A51D1062-627E-C0A7-1C53-0DE8EFB6335F}.Release|Any CPU.ActiveCfg = Release|Any CPU
		{A51D1062-627E-C0A7-1C53-0DE8EFB6335F}.Release|Any CPU.Build.0 = Release|Any CPU
		{06365957-EC07-6C4C-16A0-FE79E11C892A}.Debug|Any CPU.ActiveCfg = Debug|Any CPU
		{06365957-EC07-6C4C-16A0-FE79E11C892A}.Debug|Any CPU.Build.0 = Debug|Any CPU
		{06365957-EC07-6C4C-16A0-FE79E11C892A}.Release|Any CPU.ActiveCfg = Release|Any CPU
		{06365957-EC07-6C4C-16A0-FE79E11C892A}.Release|Any CPU.Build.0 = Release|Any CPU
		{21960ABF-454B-9162-5F7C-0B1B2275F6AC}.Debug|Any CPU.ActiveCfg = Debug|Any CPU
		{21960ABF-454B-9162-5F7C-0B1B2275F6AC}.Debug|Any CPU.Build.0 = Debug|Any CPU
		{21960ABF-454B-9162-5F7C-0B1B2275F6AC}.Release|Any CPU.ActiveCfg = Release|Any CPU
		{21960ABF-454B-9162-5F7C-0B1B2275F6AC}.Release|Any CPU.Build.0 = Release|Any CPU
		{0FEBAAE5-03F3-F503-A017-D4F612B3436B}.Debug|Any CPU.ActiveCfg = Debug|Any CPU
		{0FEBAAE5-03F3-F503-A017-D4F612B3436B}.Debug|Any CPU.Build.0 = Debug|Any CPU
		{0FEBAAE5-03F3-F503-A017-D4F612B3436B}.Release|Any CPU.ActiveCfg = Release|Any CPU
		{0FEBAAE5-03F3-F503-A017-D4F612B3436B}.Release|Any CPU.Build.0 = Release|Any CPU
		{1B6A813A-FF6F-D4D1-07D5-3EAD14F94EDA}.Debug|Any CPU.ActiveCfg = Debug|Any CPU
		{1B6A813A-FF6F-D4D1-07D5-3EAD14F94EDA}.Debug|Any CPU.Build.0 = Debug|Any CPU
		{1B6A813A-FF6F-D4D1-07D5-3EAD14F94EDA}.Release|Any CPU.ActiveCfg = Release|Any CPU
		{1B6A813A-FF6F-D4D1-07D5-3EAD14F94EDA}.Release|Any CPU.Build.0 = Release|Any CPU
		{7BAB1A7F-18E5-631B-4CAC-3486A8FA89C1}.Debug|Any CPU.ActiveCfg = Debug|Any CPU
		{7BAB1A7F-18E5-631B-4CAC-3486A8FA89C1}.Debug|Any CPU.Build.0 = Debug|Any CPU
		{7BAB1A7F-18E5-631B-4CAC-3486A8FA89C1}.Release|Any CPU.ActiveCfg = Release|Any CPU
		{7BAB1A7F-18E5-631B-4CAC-3486A8FA89C1}.Release|Any CPU.Build.0 = Release|Any CPU
		{1BE7511D-6B3F-A8B0-5EF1-7795C0F7BD55}.Debug|Any CPU.ActiveCfg = Debug|Any CPU
		{1BE7511D-6B3F-A8B0-5EF1-7795C0F7BD55}.Debug|Any CPU.Build.0 = Debug|Any CPU
		{1BE7511D-6B3F-A8B0-5EF1-7795C0F7BD55}.Release|Any CPU.ActiveCfg = Release|Any CPU
		{1BE7511D-6B3F-A8B0-5EF1-7795C0F7BD55}.Release|Any CPU.Build.0 = Release|Any CPU
		{18EC1F7D-506A-3D85-90F0-7773E24E9579}.Debug|Any CPU.ActiveCfg = Debug|Any CPU
		{18EC1F7D-506A-3D85-90F0-7773E24E9579}.Debug|Any CPU.Build.0 = Debug|Any CPU
		{18EC1F7D-506A-3D85-90F0-7773E24E9579}.Release|Any CPU.ActiveCfg = Release|Any CPU
		{18EC1F7D-506A-3D85-90F0-7773E24E9579}.Release|Any CPU.Build.0 = Release|Any CPU
		{D4459DD3-8E00-92AA-BF8F-FA2CC19F71F6}.Debug|Any CPU.ActiveCfg = Debug|Any CPU
		{D4459DD3-8E00-92AA-BF8F-FA2CC19F71F6}.Debug|Any CPU.Build.0 = Debug|Any CPU
		{D4459DD3-8E00-92AA-BF8F-FA2CC19F71F6}.Release|Any CPU.ActiveCfg = Release|Any CPU
		{D4459DD3-8E00-92AA-BF8F-FA2CC19F71F6}.Release|Any CPU.Build.0 = Release|Any CPU
		{8688E54C-EA2B-CDA4-B790-E285D7805E50}.Debug|Any CPU.ActiveCfg = Debug|Any CPU
		{8688E54C-EA2B-CDA4-B790-E285D7805E50}.Debug|Any CPU.Build.0 = Debug|Any CPU
		{8688E54C-EA2B-CDA4-B790-E285D7805E50}.Release|Any CPU.ActiveCfg = Release|Any CPU
		{8688E54C-EA2B-CDA4-B790-E285D7805E50}.Release|Any CPU.Build.0 = Release|Any CPU
		{61626943-C4E1-5427-B68E-D75D063E22FE}.Debug|Any CPU.ActiveCfg = Debug|Any CPU
		{61626943-C4E1-5427-B68E-D75D063E22FE}.Debug|Any CPU.Build.0 = Debug|Any CPU
		{61626943-C4E1-5427-B68E-D75D063E22FE}.Release|Any CPU.ActiveCfg = Release|Any CPU
		{61626943-C4E1-5427-B68E-D75D063E22FE}.Release|Any CPU.Build.0 = Release|Any CPU
		{4B230666-6661-DFDE-9A53-9CBDDE5F50F0}.Debug|Any CPU.ActiveCfg = Debug|Any CPU
		{4B230666-6661-DFDE-9A53-9CBDDE5F50F0}.Debug|Any CPU.Build.0 = Debug|Any CPU
		{4B230666-6661-DFDE-9A53-9CBDDE5F50F0}.Release|Any CPU.ActiveCfg = Release|Any CPU
		{4B230666-6661-DFDE-9A53-9CBDDE5F50F0}.Release|Any CPU.Build.0 = Release|Any CPU
		{6A7DE6BE-B72C-C47F-E5A0-23B00CA702C3}.Debug|Any CPU.ActiveCfg = Debug|Any CPU
		{6A7DE6BE-B72C-C47F-E5A0-23B00CA702C3}.Debug|Any CPU.Build.0 = Debug|Any CPU
		{6A7DE6BE-B72C-C47F-E5A0-23B00CA702C3}.Release|Any CPU.ActiveCfg = Release|Any CPU
		{6A7DE6BE-B72C-C47F-E5A0-23B00CA702C3}.Release|Any CPU.Build.0 = Release|Any CPU
		{36496D30-647B-3FDA-EBB5-209163F5AE15}.Debug|Any CPU.ActiveCfg = Debug|Any CPU
		{36496D30-647B-3FDA-EBB5-209163F5AE15}.Debug|Any CPU.Build.0 = Debug|Any CPU
		{36496D30-647B-3FDA-EBB5-209163F5AE15}.Release|Any CPU.ActiveCfg = Release|Any CPU
		{36496D30-647B-3FDA-EBB5-209163F5AE15}.Release|Any CPU.Build.0 = Release|Any CPU
		{854345BB-13BE-4217-A9B6-ACD67E457810}.Debug|Any CPU.ActiveCfg = Debug|Any CPU
		{854345BB-13BE-4217-A9B6-ACD67E457810}.Debug|Any CPU.Build.0 = Debug|Any CPU
		{854345BB-13BE-4217-A9B6-ACD67E457810}.Release|Any CPU.ActiveCfg = Release|Any CPU
		{854345BB-13BE-4217-A9B6-ACD67E457810}.Release|Any CPU.Build.0 = Release|Any CPU
		{36DD8E19-B0FD-33D2-4DB0-F5767F6E28A2}.Debug|Any CPU.ActiveCfg = Debug|Any CPU
		{36DD8E19-B0FD-33D2-4DB0-F5767F6E28A2}.Debug|Any CPU.Build.0 = Debug|Any CPU
		{36DD8E19-B0FD-33D2-4DB0-F5767F6E28A2}.Release|Any CPU.ActiveCfg = Release|Any CPU
		{36DD8E19-B0FD-33D2-4DB0-F5767F6E28A2}.Release|Any CPU.Build.0 = Release|Any CPU
	EndGlobalSection
	GlobalSection(SolutionProperties) = preSolution
		HideSolutionNode = FALSE
	EndGlobalSection
EndGlobal
